%{"cowboy": {:git, "git://github.com/ninenines/cowboy.git", "02b1b281785a815ff5b4c7bfc45053f0c786a18c", []},
  "cowlib": {:git, "git://github.com/ninenines/cowlib.git", "d544a494af4dbc810fc9c15eaf5cc050cced1501", [ref: "1.0.0"]},
  "jiffy": {:git, "git://github.com/davisp/jiffy.git", "137d3d94b6ee10001d761d412cbbe7f665680c98", []},
  "ranch": {:git, "git://github.com/ninenines/ranch.git", "adf1822defc2b7cfdc7aca112adabfa1d614043c", [ref: "1.0.0"]}}
